<Solution>
  <Folder Name="/backend/">
    <Project Path="MiBotica.SolPedido.AccesoDatos/MiBotica.SolPedido.AccesoDatos.csproj" />
    <Project Path="MiBotica.SolPedido.LogicaNegocio/MiBotica.SolPedido.LogicaNegocio.csproj" />
  </Folder>
  <Folder Name="/frontend/">
    <Project Path="MiBotica.SolPedido.Cliente.Web/MiBotica.SolPedido.Cliente.Web.csproj" />
  </Folder>
  <Folder Name="/Solution Items/">
    <File Path="compose.yaml" />
  </Folder>
  <Folder Name="/transversal/">
    <Project Path="MiBotica.SolPedido.Entidades\MiBotica.SolPedido.Entidades.csproj" />
    <Project Path="MiBotica.SolPedido.UtilesWeb\MiBotica.SolPedido.UtilesWeb.csproj" />
    <Project Path="MiBotica.SolPedido.Utiles\MiBotica.SolPedido.Utiles.csproj" />
  </Folder>
</Solution>
